<Solution>
  <Project Path="DSPC_Lab02/DSPC_Lab02.csproj" />
  <Project Path="DSPC_Lab03/DSPC_Lab03.csproj" />
  <Project Path="DSPC_Lab04/DSPC_Lab04.csproj" />
  <Project Path="DSPC_Lab05/DSPC_Lab05.csproj" />
  <Project Path="DSPC_Lab06/DSPC_Lab06.csproj" />
  <Project Path="DSPC_Lab07/DSPC_Lab07.csproj" />
  <Project Path="DSPC_Lab01/DSPC_Lab01.csproj" />
</Solution>
